// !$*UTF8*$!
{
	archiveVersion = 1;
	classes = {
	};
	objectVersion = 77;
	objects = {

/* Begin PBXBuildFile section */
		04C64D55B43D152B19B9EA9D /* ClaudeSessionDiscovery.swift in Sources */ = {isa = PBXBuildFile; fileRef = BDFF998E616C614FE2717EC4 /* ClaudeSessionDiscovery.swift */; };
		0B8144CF8659C820E1BA3FC5 /* ProfilesWorkspaceView.swift in Sources */ = {isa = PBXBuildFile; fileRef = D72DF3B1F23B243C92FC65AB /* ProfilesWorkspaceView.swift */; };
		1276708E7A7A2597C0DF2E95 /* InstallIdentityService.swift in Sources */ = {isa = PBXBuildFile; fileRef = ECFEC4D18CFA03747338D8B9 /* InstallIdentityService.swift */; };
		25060008F39BFFF9CA0C86CB /* Models.swift in Sources */ = {isa = PBXBuildFile; fileRef = 5997E54208B7BD49819E29B9 /* Models.swift */; };
		25931748CE0A4A5EB00AFD4F /* FirebaseCore in Frameworks */ = {isa = PBXBuildFile; productRef = 73B1786F5731FF094D8C8DA4 /* FirebaseCore */; };
		4825C7462ACCF1E6481660A3 /* FirebaseAnalytics in Frameworks */ = {isa = PBXBuildFile; productRef = 57138ACA016EEAD4C6DD823E /* FirebaseAnalytics */; };
		55785ABF033FD4CDBF1F9697 /* DesignSystem.swift in Sources */ = {isa = PBXBuildFile; fileRef = 5C26A7668EDF5E501805F0AB /* DesignSystem.swift */; };
		5B6F2DCBC4F4859F6A3870AC /* SessionStore.swift in Sources */ = {isa = PBXBuildFile; fileRef = 1EEF80D40C95B59DAEE5A22C /* SessionStore.swift */; };
		6135DDA955760A213AEC42D9 /* AppModel.swift in Sources */ = {isa = PBXBuildFile; fileRef = 0947A8942521A93C0F17B476 /* AppModel.swift */; };
		65BF43C5169FB86B24B0A8EE /* ClaudeLauncherApp.swift in Sources */ = {isa = PBXBuildFile; fileRef = 090EC38E54823DD8D1D475DC /* ClaudeLauncherApp.swift */; };
		7110C0A262306CC24AC18636 /* StartupAutomationCoordinator.swift in Sources */ = {isa = PBXBuildFile; fileRef = 62B743B1A5112014C2BCBFAC /* StartupAutomationCoordinator.swift */; };
		772189959C1CCF0D84ACA533 /* AnalyticsModels.swift in Sources */ = {isa = PBXBuildFile; fileRef = 4567ABC701B3F0CCFC48381A /* AnalyticsModels.swift */; };
		78ACB36E1304FAFED5C9F55B /* AnalyticsQueueStore.swift in Sources */ = {isa = PBXBuildFile; fileRef = 0800734BF8528A5EBEF79BA8 /* AnalyticsQueueStore.swift */; };
		7EF938ECDD5AD835782A6833 /* GlobalQuickLaunchBar.swift in Sources */ = {isa = PBXBuildFile; fileRef = C49CDFE337E232A402D23A86 /* GlobalQuickLaunchBar.swift */; };
		81C4CB9AB75ED83D8612B9EB /* LaunchWorkspaceView.swift in Sources */ = {isa = PBXBuildFile; fileRef = 94623FE2C244B668C98D82E1 /* LaunchWorkspaceView.swift */; };
		8444F14ECB4C933411868DB5 /* RootView.swift in Sources */ = {isa = PBXBuildFile; fileRef = BE4A325C9994299C2B75465F /* RootView.swift */; };
		872DDD769B55F8326CC36CF4 /* Assets.xcassets in Resources */ = {isa = PBXBuildFile; fileRef = B3ABBAF8BCC0DAF6C539EF4B /* Assets.xcassets */; };
		899B6C7704356AF56BCF7E82 /* FirebaseAnalyticsTransport.swift in Sources */ = {isa = PBXBuildFile; fileRef = B22FF69197A2BF92E96E2258 /* FirebaseAnalyticsTransport.swift */; };
		9151B23B5264D49CFDA61FB5 /* GoogleService-Info.plist in Resources */ = {isa = PBXBuildFile; fileRef = 656BF3E03CA50FC3858743F0 /* GoogleService-Info.plist */; };
		93B7528E9D04907106CB3BED /* AnalyticsService.swift in Sources */ = {isa = PBXBuildFile; fileRef = 09B17C9BC3E5F2F8653D5AF1 /* AnalyticsService.swift */; };
		971ACB0330BEFD6CDC60A361 /* ClaudeLauncherTests.swift in Sources */ = {isa = PBXBuildFile; fileRef = 4E9CFC0E9ADB2B4C598FD2C3 /* ClaudeLauncherTests.swift */; };
		C9480F7E53969BAE90F7229C /* AnalyticsStateStore.swift in Sources */ = {isa = PBXBuildFile; fileRef = 98C294F0B149D886732C70BD /* AnalyticsStateStore.swift */; };
		CCAF0DD00C7142EA4CE586CD /* SessionsWorkspaceView.swift in Sources */ = {isa = PBXBuildFile; fileRef = 44430D39B318E5A302B584F0 /* SessionsWorkspaceView.swift */; };
		CD1F35AAF4C32ACFC5C4B6E5 /* PTYSession.swift in Sources */ = {isa = PBXBuildFile; fileRef = C18FE8631E92CC582ABACA48 /* PTYSession.swift */; };
		DC14695FB98209B04EEE3F5C /* KeychainService.swift in Sources */ = {isa = PBXBuildFile; fileRef = BE5718A43BCEF928D2C8B120 /* KeychainService.swift */; };
		DEB2B14087BDDA2CE41F647C /* LaunchCoordinator.swift in Sources */ = {isa = PBXBuildFile; fileRef = C86B599C8E9FA948D134F9CB /* LaunchCoordinator.swift */; };
		E64E464B0848B4188CEED00D /* AppShellView.swift in Sources */ = {isa = PBXBuildFile; fileRef = 26B2A6BA974E32F2E1686BF1 /* AppShellView.swift */; };
		ED24F535E3B6A4E55D6237A8 /* AnalyticsTests.swift in Sources */ = {isa = PBXBuildFile; fileRef = 2277EF944EE2D82C7ECFC7AA /* AnalyticsTests.swift */; };
		F5143357A93844EA062D692F /* ProfileStore.swift in Sources */ = {isa = PBXBuildFile; fileRef = FF7C193AB70EADA32D40FE03 /* ProfileStore.swift */; };
		FB062510A987709EC7E59477 /* Assets.xcassets in Resources */ = {isa = PBXBuildFile; fileRef = 7589F302C58D6B36D830C5C9 /* Assets.xcassets */; };
/* End PBXBuildFile section */

/* Begin PBXContainerItemProxy section */
		D04DFBB3677B4B394FDF97EF /* PBXContainerItemProxy */ = {
			isa = PBXContainerItemProxy;
			containerPortal = 3CE89A7CDB824D6FCC680C3C /* Project object */;
			proxyType = 1;
			remoteGlobalIDString = 470F46CD83025CF7123F355E;
			remoteInfo = ClaudeLauncher;
		};
/* End PBXContainerItemProxy section */

/* Begin PBXFileReference section */
		0569F63AD2426F480D4EABAC /* ClaudeLauncherTests.xctest */ = {isa = PBXFileReference; explicitFileType = wrapper.cfbundle; includeInIndex = 0; path = ClaudeLauncherTests.xctest; sourceTree = BUILT_PRODUCTS_DIR; };
		0800734BF8528A5EBEF79BA8 /* AnalyticsQueueStore.swift */ = {isa = PBXFileReference; lastKnownFileType = sourcecode.swift; path = AnalyticsQueueStore.swift; sourceTree = "<group>"; };
		090EC38E54823DD8D1D475DC /* ClaudeLauncherApp.swift */ = {isa = PBXFileReference; lastKnownFileType = sourcecode.swift; path = ClaudeLauncherApp.swift; sourceTree = "<group>"; };
		0947A8942521A93C0F17B476 /* AppModel.swift */ = {isa = PBXFileReference; lastKnownFileType = sourcecode.swift; path = AppModel.swift; sourceTree = "<group>"; };
		09B17C9BC3E5F2F8653D5AF1 /* AnalyticsService.swift */ = {isa = PBXFileReference; lastKnownFileType = sourcecode.swift; path = AnalyticsService.swift; sourceTree = "<group>"; };
		1EEF80D40C95B59DAEE5A22C /* SessionStore.swift */ = {isa = PBXFileReference; lastKnownFileType = sourcecode.swift; path = SessionStore.swift; sourceTree = "<group>"; };
		2277EF944EE2D82C7ECFC7AA /* AnalyticsTests.swift */ = {isa = PBXFileReference; lastKnownFileType = sourcecode.swift; path = AnalyticsTests.swift; sourceTree = "<group>"; };
		26B2A6BA974E32F2E1686BF1 /* AppShellView.swift */ = {isa = PBXFileReference; lastKnownFileType = sourcecode.swift; path = AppShellView.swift; sourceTree = "<group>"; };
		44430D39B318E5A302B584F0 /* SessionsWorkspaceView.swift */ = {isa = PBXFileReference; lastKnownFileType = sourcecode.swift; path = SessionsWorkspaceView.swift; sourceTree = "<group>"; };
		4567ABC701B3F0CCFC48381A /* AnalyticsModels.swift */ = {isa = PBXFileReference; lastKnownFileType = sourcecode.swift; path = AnalyticsModels.swift; sourceTree = "<group>"; };
		4E9CFC0E9ADB2B4C598FD2C3 /* ClaudeLauncherTests.swift */ = {isa = PBXFileReference; lastKnownFileType = sourcecode.swift; path = ClaudeLauncherTests.swift; sourceTree = "<group>"; };
		5997E54208B7BD49819E29B9 /* Models.swift */ = {isa = PBXFileReference; lastKnownFileType = sourcecode.swift; path = Models.swift; sourceTree = "<group>"; };
		5C26A7668EDF5E501805F0AB /* DesignSystem.swift */ = {isa = PBXFileReference; lastKnownFileType = sourcecode.swift; path = DesignSystem.swift; sourceTree = "<group>"; };
		62B743B1A5112014C2BCBFAC /* StartupAutomationCoordinator.swift */ = {isa = PBXFileReference; lastKnownFileType = sourcecode.swift; path = StartupAutomationCoordinator.swift; sourceTree = "<group>"; };
		656BF3E03CA50FC3858743F0 /* GoogleService-Info.plist */ = {isa = PBXFileReference; lastKnownFileType = text.plist; path = "GoogleService-Info.plist"; sourceTree = "<group>"; };
		7589F302C58D6B36D830C5C9 /* Assets.xcassets */ = {isa = PBXFileReference; lastKnownFileType = folder.assetcatalog; path = Assets.xcassets; sourceTree = "<group>"; };
		94623FE2C244B668C98D82E1 /* LaunchWorkspaceView.swift */ = {isa = PBXFileReference; lastKnownFileType = sourcecode.swift; path = LaunchWorkspaceView.swift; sourceTree = "<group>"; };
		98C294F0B149D886732C70BD /* AnalyticsStateStore.swift */ = {isa = PBXFileReference; lastKnownFileType = sourcecode.swift; path = AnalyticsStateStore.swift; sourceTree = "<group>"; };
		B22FF69197A2BF92E96E2258 /* FirebaseAnalyticsTransport.swift */ = {isa = PBXFileReference; lastKnownFileType = sourcecode.swift; path = FirebaseAnalyticsTransport.swift; sourceTree = "<group>"; };
		B3ABBAF8BCC0DAF6C539EF4B /* Assets.xcassets */ = {isa = PBXFileReference; lastKnownFileType = folder.assetcatalog; path = Assets.xcassets; sourceTree = "<group>"; };
		BDFF998E616C614FE2717EC4 /* ClaudeSessionDiscovery.swift */ = {isa = PBXFileReference; lastKnownFileType = sourcecode.swift; path = ClaudeSessionDiscovery.swift; sourceTree = "<group>"; };
		BE4A325C9994299C2B75465F /* RootView.swift */ = {isa = PBXFileReference; lastKnownFileType = sourcecode.swift; path = RootView.swift; sourceTree = "<group>"; };
		BE5718A43BCEF928D2C8B120 /* KeychainService.swift */ = {isa = PBXFileReference; lastKnownFileType = sourcecode.swift; path = KeychainService.swift; sourceTree = "<group>"; };
		C18FE8631E92CC582ABACA48 /* PTYSession.swift */ = {isa = PBXFileReference; lastKnownFileType = sourcecode.swift; path = PTYSession.swift; sourceTree = "<group>"; };
		C49CDFE337E232A402D23A86 /* GlobalQuickLaunchBar.swift */ = {isa = PBXFileReference; lastKnownFileType = sourcecode.swift; path = GlobalQuickLaunchBar.swift; sourceTree = "<group>"; };
		C86B599C8E9FA948D134F9CB /* LaunchCoordinator.swift */ = {isa = PBXFileReference; lastKnownFileType = sourcecode.swift; path = LaunchCoordinator.swift; sourceTree = "<group>"; };
		CDF367D6B30680C0DDFFF8F3 /* ClaudeLauncher.app */ = {isa = PBXFileReference; explicitFileType = wrapper.application; includeInIndex = 0; path = ClaudeLauncher.app; sourceTree = BUILT_PRODUCTS_DIR; };
		D72DF3B1F23B243C92FC65AB /* ProfilesWorkspaceView.swift */ = {isa = PBXFileReference; lastKnownFileType = sourcecode.swift; path = ProfilesWorkspaceView.swift; sourceTree = "<group>"; };
		ECFEC4D18CFA03747338D8B9 /* InstallIdentityService.swift */ = {isa = PBXFileReference; lastKnownFileType = sourcecode.swift; path = InstallIdentityService.swift; sourceTree = "<group>"; };
		FF7C193AB70EADA32D40FE03 /* ProfileStore.swift */ = {isa = PBXFileReference; lastKnownFileType = sourcecode.swift; path = ProfileStore.swift; sourceTree = "<group>"; };
/* End PBXFileReference section */

/* Begin PBXFrameworksBuildPhase section */
		DEB3367A3B07760B39BA296B /* Frameworks */ = {
			isa = PBXFrameworksBuildPhase;
			buildActionMask = 2147483647;
			files = (
				4825C7462ACCF1E6481660A3 /* FirebaseAnalytics in Frameworks */,
				25931748CE0A4A5EB00AFD4F /* FirebaseCore in Frameworks */,
			);
			runOnlyForDeploymentPostprocessing = 0;
		};
/* End PBXFrameworksBuildPhase section */

/* Begin PBXGroup section */
		07D2F68894E59F2CB09531E9 /* Shell */ = {
			isa = PBXGroup;
			children = (
				26B2A6BA974E32F2E1686BF1 /* AppShellView.swift */,
				5C26A7668EDF5E501805F0AB /* DesignSystem.swift */,
				C49CDFE337E232A402D23A86 /* GlobalQuickLaunchBar.swift */,
			);
			path = Shell;
			sourceTree = "<group>";
		};
		1F08B150E5560FC66E8C954F /* Domain */ = {
			isa = PBXGroup;
			children = (
				4567ABC701B3F0CCFC48381A /* AnalyticsModels.swift */,
				5997E54208B7BD49819E29B9 /* Models.swift */,
			);
			path = Domain;
			sourceTree = "<group>";
		};
		2931A4CB3789D80F4543886F /* Features */ = {
			isa = PBXGroup;
			children = (
				80A78F8209F3EB2132A5377C /* Launch */,
				81628556789C198ECD065A81 /* Profiles */,
				4EBE3D23DC43C3A296457EA8 /* Sessions */,
				07D2F68894E59F2CB09531E9 /* Shell */,
			);
			path = Features;
			sourceTree = "<group>";
		};
		4EBE3D23DC43C3A296457EA8 /* Sessions */ = {
			isa = PBXGroup;
			children = (
				44430D39B318E5A302B584F0 /* SessionsWorkspaceView.swift */,
			);
			path = Sessions;
			sourceTree = "<group>";
		};
		5C12D0D4BF8BD45D62819C23 /* Infrastructure */ = {
			isa = PBXGroup;
			children = (
				B07823F8728788C929556D8D /* PTY */,
			);
			path = Infrastructure;
			sourceTree = "<group>";
		};
		5C78AD17B3260C05B93CB523 = {
			isa = PBXGroup;
			children = (
				B2812846036ACDCF56833215 /* ClaudeLauncherApp */,
				6051769493691A2A72556306 /* ClaudeLauncherTests */,
				62FB7497087367C9D21F3577 /* Products */,
			);
			sourceTree = "<group>";
		};
		6051769493691A2A72556306 /* ClaudeLauncherTests */ = {
			isa = PBXGroup;
			children = (
				2277EF944EE2D82C7ECFC7AA /* AnalyticsTests.swift */,
				4E9CFC0E9ADB2B4C598FD2C3 /* ClaudeLauncherTests.swift */,
			);
			path = ClaudeLauncherTests;
			sourceTree = "<group>";
		};
		62FB7497087367C9D21F3577 /* Products */ = {
			isa = PBXGroup;
			children = (
				CDF367D6B30680C0DDFFF8F3 /* ClaudeLauncher.app */,
				0569F63AD2426F480D4EABAC /* ClaudeLauncherTests.xctest */,
			);
			name = Products;
			sourceTree = "<group>";
		};
		80A78F8209F3EB2132A5377C /* Launch */ = {
			isa = PBXGroup;
			children = (
				94623FE2C244B668C98D82E1 /* LaunchWorkspaceView.swift */,
			);
			path = Launch;
			sourceTree = "<group>";
		};
		81628556789C198ECD065A81 /* Profiles */ = {
			isa = PBXGroup;
			children = (
				D72DF3B1F23B243C92FC65AB /* ProfilesWorkspaceView.swift */,
				BE4A325C9994299C2B75465F /* RootView.swift */,
			);
			path = Profiles;
			sourceTree = "<group>";
		};
		A4D8CFB17AC443412608B6D8 /* App */ = {
			isa = PBXGroup;
			children = (
				7589F302C58D6B36D830C5C9 /* Assets.xcassets */,
				090EC38E54823DD8D1D475DC /* ClaudeLauncherApp.swift */,
				656BF3E03CA50FC3858743F0 /* GoogleService-Info.plist */,
			);
			path = App;
			sourceTree = "<group>";
		};
		AC960CF0EA3E2DF39CC68494 /* Services */ = {
			isa = PBXGroup;
			children = (
				0800734BF8528A5EBEF79BA8 /* AnalyticsQueueStore.swift */,
				09B17C9BC3E5F2F8653D5AF1 /* AnalyticsService.swift */,
				98C294F0B149D886732C70BD /* AnalyticsStateStore.swift */,
				0947A8942521A93C0F17B476 /* AppModel.swift */,
				BDFF998E616C614FE2717EC4 /* ClaudeSessionDiscovery.swift */,
				B22FF69197A2BF92E96E2258 /* FirebaseAnalyticsTransport.swift */,
				ECFEC4D18CFA03747338D8B9 /* InstallIdentityService.swift */,
				BE5718A43BCEF928D2C8B120 /* KeychainService.swift */,
				C86B599C8E9FA948D134F9CB /* LaunchCoordinator.swift */,
				FF7C193AB70EADA32D40FE03 /* ProfileStore.swift */,
				1EEF80D40C95B59DAEE5A22C /* SessionStore.swift */,
				62B743B1A5112014C2BCBFAC /* StartupAutomationCoordinator.swift */,
			);
			path = Services;
			sourceTree = "<group>";
		};
		B07823F8728788C929556D8D /* PTY */ = {
			isa = PBXGroup;
			children = (
				C18FE8631E92CC582ABACA48 /* PTYSession.swift */,
			);
			path = PTY;
			sourceTree = "<group>";
		};
		B2812846036ACDCF56833215 /* ClaudeLauncherApp */ = {
			isa = PBXGroup;
			children = (
				B3ABBAF8BCC0DAF6C539EF4B /* Assets.xcassets */,
				A4D8CFB17AC443412608B6D8 /* App */,
				1F08B150E5560FC66E8C954F /* Domain */,
				2931A4CB3789D80F4543886F /* Features */,
				5C12D0D4BF8BD45D62819C23 /* Infrastructure */,
				AC960CF0EA3E2DF39CC68494 /* Services */,
			);
			path = ClaudeLauncherApp;
			sourceTree = "<group>";
		};
/* End PBXGroup section */

/* Begin PBXNativeTarget section */
		13065405B1870B539BE7AA9C /* ClaudeLauncherTests */ = {
			isa = PBXNativeTarget;
			buildConfigurationList = BFCD5CE629ED6D5A785BE95E /* Build configuration list for PBXNativeTarget "ClaudeLauncherTests" */;
			buildPhases = (
				9BA7E0185592DA1DFC590805 /* Sources */,
			);
			buildRules = (
			);
			dependencies = (
				0D5016903DD8B29214B99A38 /* PBXTargetDependency */,
			);
			name = ClaudeLauncherTests;
			packageProductDependencies = (
			);
			productName = ClaudeLauncherTests;
			productReference = 0569F63AD2426F480D4EABAC /* ClaudeLauncherTests.xctest */;
			productType = "com.apple.product-type.bundle.unit-test";
		};
		470F46CD83025CF7123F355E /* ClaudeLauncher */ = {
			isa = PBXNativeTarget;
			buildConfigurationList = 6AF96C901A4C97BD91DB01E9 /* Build configuration list for PBXNativeTarget "ClaudeLauncher" */;
			buildPhases = (
				FC26473A87FBEA5914C937EF /* Sources */,
				DA2508B9AC297F21FF731538 /* Resources */,
				DEB3367A3B07760B39BA296B /* Frameworks */,
			);
			buildRules = (
			);
			dependencies = (
			);
			name = ClaudeLauncher;
			packageProductDependencies = (
				57138ACA016EEAD4C6DD823E /* FirebaseAnalytics */,
				73B1786F5731FF094D8C8DA4 /* FirebaseCore */,
			);
			productName = ClaudeLauncher;
			productReference = CDF367D6B30680C0DDFFF8F3 /* ClaudeLauncher.app */;
			productType = "com.apple.product-type.application";
		};
/* End PBXNativeTarget section */

/* Begin PBXProject section */
		3CE89A7CDB824D6FCC680C3C /* Project object */ = {
			isa = PBXProject;
			attributes = {
				BuildIndependentTargetsInParallel = YES;
				LastUpgradeCheck = 1430;
				TargetAttributes = {
				};
			};
			buildConfigurationList = 9105214517F17640BD4465DA /* Build configuration list for PBXProject "claude-launcher" */;
			developmentRegion = en;
			hasScannedForEncodings = 0;
			knownRegions = (
				Base,
				en,
			);
			mainGroup = 5C78AD17B3260C05B93CB523;
			minimizedProjectReferenceProxies = 1;
			packageReferences = (
				4AB9F1780435685FE8203FD6 /* XCRemoteSwiftPackageReference "firebase-ios-sdk" */,
			);
			preferredProjectObjectVersion = 77;
			productRefGroup = 62FB7497087367C9D21F3577 /* Products */;
			projectDirPath = "";
			projectRoot = "";
			targets = (
				470F46CD83025CF7123F355E /* ClaudeLauncher */,
				13065405B1870B539BE7AA9C /* ClaudeLauncherTests */,
			);
		};
/* End PBXProject section */

/* Begin PBXResourcesBuildPhase section */
		DA2508B9AC297F21FF731538 /* Resources */ = {
			isa = PBXResourcesBuildPhase;
			buildActionMask = 2147483647;
			files = (
				872DDD769B55F8326CC36CF4 /* Assets.xcassets in Resources */,
				FB062510A987709EC7E59477 /* Assets.xcassets in Resources */,
				9151B23B5264D49CFDA61FB5 /* GoogleService-Info.plist in Resources */,
			);
			runOnlyForDeploymentPostprocessing = 0;
		};
/* End PBXResourcesBuildPhase section */

/* Begin PBXSourcesBuildPhase section */
		9BA7E0185592DA1DFC590805 /* Sources */ = {
			isa = PBXSourcesBuildPhase;
			buildActionMask = 2147483647;
			files = (
				ED24F535E3B6A4E55D6237A8 /* AnalyticsTests.swift in Sources */,
				971ACB0330BEFD6CDC60A361 /* ClaudeLauncherTests.swift in Sources */,
			);
			runOnlyForDeploymentPostprocessing = 0;
		};
		FC26473A87FBEA5914C937EF /* Sources */ = {
			isa = PBXSourcesBuildPhase;
			buildActionMask = 2147483647;
			files = (
				772189959C1CCF0D84ACA533 /* AnalyticsModels.swift in Sources */,
				78ACB36E1304FAFED5C9F55B /* AnalyticsQueueStore.swift in Sources */,
				93B7528E9D04907106CB3BED /* AnalyticsService.swift in Sources */,
				C9480F7E53969BAE90F7229C /* AnalyticsStateStore.swift in Sources */,
				6135DDA955760A213AEC42D9 /* AppModel.swift in Sources */,
				E64E464B0848B4188CEED00D /* AppShellView.swift in Sources */,
				65BF43C5169FB86B24B0A8EE /* ClaudeLauncherApp.swift in Sources */,
				04C64D55B43D152B19B9EA9D /* ClaudeSessionDiscovery.swift in Sources */,
				55785ABF033FD4CDBF1F9697 /* DesignSystem.swift in Sources */,
				899B6C7704356AF56BCF7E82 /* FirebaseAnalyticsTransport.swift in Sources */,
				7EF938ECDD5AD835782A6833 /* GlobalQuickLaunchBar.swift in Sources */,
				1276708E7A7A2597C0DF2E95 /* InstallIdentityService.swift in Sources */,
				DC14695FB98209B04EEE3F5C /* KeychainService.swift in Sources */,
				DEB2B14087BDDA2CE41F647C /* LaunchCoordinator.swift in Sources */,
				81C4CB9AB75ED83D8612B9EB /* LaunchWorkspaceView.swift in Sources */,
				25060008F39BFFF9CA0C86CB /* Models.swift in Sources */,
				CD1F35AAF4C32ACFC5C4B6E5 /* PTYSession.swift in Sources */,
				F5143357A93844EA062D692F /* ProfileStore.swift in Sources */,
				0B8144CF8659C820E1BA3FC5 /* ProfilesWorkspaceView.swift in Sources */,
				8444F14ECB4C933411868DB5 /* RootView.swift in Sources */,
				5B6F2DCBC4F4859F6A3870AC /* SessionStore.swift in Sources */,
				CCAF0DD00C7142EA4CE586CD /* SessionsWorkspaceView.swift in Sources */,
				7110C0A262306CC24AC18636 /* StartupAutomationCoordinator.swift in Sources */,
			);
			runOnlyForDeploymentPostprocessing = 0;
		};
/* End PBXSourcesBuildPhase section */

/* Begin PBXTargetDependency section */
		0D5016903DD8B29214B99A38 /* PBXTargetDependency */ = {
			isa = PBXTargetDependency;
			target = 470F46CD83025CF7123F355E /* ClaudeLauncher */;
			targetProxy = D04DFBB3677B4B394FDF97EF /* PBXContainerItemProxy */;
		};
/* End PBXTargetDependency section */

/* Begin XCBuildConfiguration section */
		2D303DB38DDD280ADA60EB44 /* Debug */ = {
			isa = XCBuildConfiguration;
			buildSettings = {
				BUNDLE_LOADER = "$(TEST_HOST)";
				COMBINE_HIDPI_IMAGES = YES;
				LD_RUNPATH_SEARCH_PATHS = (
					"$(inherited)",
					"@executable_path/../Frameworks",
					"@loader_path/../Frameworks",
				);
				SDKROOT = macosx;
				TEST_HOST = "$(BUILT_PRODUCTS_DIR)/ClaudeLauncher.app/Contents/MacOS/ClaudeLauncher";
			};
			name = Debug;
		};
		629560D3F385C78B82150930 /* Release */ = {
			isa = XCBuildConfiguration;
			buildSettings = {
				BUNDLE_LOADER = "$(TEST_HOST)";
				COMBINE_HIDPI_IMAGES = YES;
				LD_RUNPATH_SEARCH_PATHS = (
					"$(inherited)",
					"@executable_path/../Frameworks",
					"@loader_path/../Frameworks",
				);
				SDKROOT = macosx;
				TEST_HOST = "$(BUILT_PRODUCTS_DIR)/ClaudeLauncher.app/Contents/MacOS/ClaudeLauncher";
			};
			name = Release;
		};
		8600C151B8B93F19519C3D9F /* Debug */ = {
			isa = XCBuildConfiguration;
			buildSettings = {
				ASSETCATALOG_COMPILER_APPICON_NAME = AppIcon;
				COMBINE_HIDPI_IMAGES = YES;
				INFOPLIST_KEY_NSHumanReadableCopyright = "";
				LD_RUNPATH_SEARCH_PATHS = (
					"$(inherited)",
					"@executable_path/../Frameworks",
				);
				PRODUCT_NAME = ClaudeLauncher;
				SDKROOT = macosx;
			};
			name = Debug;
		};
		8E232665BB72836EDB556851 /* Debug */ = {
			isa = XCBuildConfiguration;
			buildSettings = {
				ALWAYS_SEARCH_USER_PATHS = NO;
				CLANG_ANALYZER_NONNULL = YES;
				CLANG_ANALYZER_NUMBER_OBJECT_CONVERSION = YES_AGGRESSIVE;
				CLANG_CXX_LANGUAGE_STANDARD = "gnu++14";
				CLANG_CXX_LIBRARY = "libc++";
				CLANG_ENABLE_MODULES = YES;
				CLANG_ENABLE_OBJC_ARC = YES;
				CLANG_ENABLE_OBJC_WEAK = YES;
				CLANG_WARN_BLOCK_CAPTURE_AUTORELEASING = YES;
				CLANG_WARN_BOOL_CONVERSION = YES;
				CLANG_WARN_COMMA = YES;
				CLANG_WARN_CONSTANT_CONVERSION = YES;
				CLANG_WARN_DEPRECATED_OBJC_IMPLEMENTATIONS = YES;
				CLANG_WARN_DIRECT_OBJC_ISA_USAGE = YES_ERROR;
				CLANG_WARN_DOCUMENTATION_COMMENTS = YES;
				CLANG_WARN_EMPTY_BODY = YES;
				CLANG_WARN_ENUM_CONVERSION = YES;
				CLANG_WARN_INFINITE_RECURSION = YES;
				CLANG_WARN_INT_CONVERSION = YES;
				CLANG_WARN_NON_LITERAL_NULL_CONVERSION = YES;
				CLANG_WARN_OBJC_IMPLICIT_RETAIN_SELF = YES;
				CLANG_WARN_OBJC_LITERAL_CONVERSION = YES;
				CLANG_WARN_OBJC_ROOT_CLASS = YES_ERROR;
				CLANG_WARN_QUOTED_INCLUDE_IN_FRAMEWORK_HEADER = YES;
				CLANG_WARN_RANGE_LOOP_ANALYSIS = YES;
				CLANG_WARN_STRICT_PROTOTYPES = YES;
				CLANG_WARN_SUSPICIOUS_MOVE = YES;
				CLANG_WARN_UNGUARDED_AVAILABILITY = YES_AGGRESSIVE;
				CLANG_WARN_UNREACHABLE_CODE = YES;
				CLANG_WARN__DUPLICATE_METHOD_MATCH = YES;
				COPY_PHASE_STRIP = NO;
				CURRENT_PROJECT_VERSION = 3;
				DEBUG_INFORMATION_FORMAT = dwarf;
				ENABLE_STRICT_OBJC_MSGSEND = YES;
				ENABLE_TESTABILITY = YES;
				GCC_C_LANGUAGE_STANDARD = gnu11;
				GCC_DYNAMIC_NO_PIC = NO;
				GCC_NO_COMMON_BLOCKS = YES;
				GCC_OPTIMIZATION_LEVEL = 0;
				GCC_PREPROCESSOR_DEFINITIONS = (
					"$(inherited)",
					"DEBUG=1",
				);
				GCC_WARN_64_TO_32_BIT_CONVERSION = YES;
				GCC_WARN_ABOUT_RETURN_TYPE = YES_ERROR;
				GCC_WARN_UNDECLARED_SELECTOR = YES;
				GCC_WARN_UNINITIALIZED_AUTOS = YES_AGGRESSIVE;
				GCC_WARN_UNUSED_FUNCTION = YES;
				GCC_WARN_UNUSED_VARIABLE = YES;
				GENERATE_INFOPLIST_FILE = YES;
				MACOSX_DEPLOYMENT_TARGET = 14.0;
				MARKETING_VERSION = 1.0.2;
				MTL_ENABLE_DEBUG_INFO = INCLUDE_SOURCE;
				MTL_FAST_MATH = YES;
				ONLY_ACTIVE_ARCH = YES;
				PRODUCT_BUNDLE_IDENTIFIER = "com.dashan.claude-launcher";
				PRODUCT_NAME = "$(TARGET_NAME)";
				SDKROOT = macosx;
				SWIFT_ACTIVE_COMPILATION_CONDITIONS = DEBUG;
				SWIFT_OPTIMIZATION_LEVEL = "-Onone";
				SWIFT_VERSION = 5.10;
			};
			name = Debug;
		};
		C16DB6CEAFB6C30399F29E96 /* Release */ = {
			isa = XCBuildConfiguration;
			buildSettings = {
				ALWAYS_SEARCH_USER_PATHS = NO;
				CLANG_ANALYZER_NONNULL = YES;
				CLANG_ANALYZER_NUMBER_OBJECT_CONVERSION = YES_AGGRESSIVE;
				CLANG_CXX_LANGUAGE_STANDARD = "gnu++14";
				CLANG_CXX_LIBRARY = "libc++";
				CLANG_ENABLE_MODULES = YES;
				CLANG_ENABLE_OBJC_ARC = YES;
				CLANG_ENABLE_OBJC_WEAK = YES;
				CLANG_WARN_BLOCK_CAPTURE_AUTORELEASING = YES;
				CLANG_WARN_BOOL_CONVERSION = YES;
				CLANG_WARN_COMMA = YES;
				CLANG_WARN_CONSTANT_CONVERSION = YES;
				CLANG_WARN_DEPRECATED_OBJC_IMPLEMENTATIONS = YES;
				CLANG_WARN_DIRECT_OBJC_ISA_USAGE = YES_ERROR;
				CLANG_WARN_DOCUMENTATION_COMMENTS = YES;
				CLANG_WARN_EMPTY_BODY = YES;
				CLANG_WARN_ENUM_CONVERSION = YES;
				CLANG_WARN_INFINITE_RECURSION = YES;
				CLANG_WARN_INT_CONVERSION = YES;
				CLANG_WARN_NON_LITERAL_NULL_CONVERSION = YES;
				CLANG_WARN_OBJC_IMPLICIT_RETAIN_SELF = YES;
				CLANG_WARN_OBJC_LITERAL_CONVERSION = YES;
				CLANG_WARN_OBJC_ROOT_CLASS = YES_ERROR;
				CLANG_WARN_QUOTED_INCLUDE_IN_FRAMEWORK_HEADER = YES;
				CLANG_WARN_RANGE_LOOP_ANALYSIS = YES;
				CLANG_WARN_STRICT_PROTOTYPES = YES;
				CLANG_WARN_SUSPICIOUS_MOVE = YES;
				CLANG_WARN_UNGUARDED_AVAILABILITY = YES_AGGRESSIVE;
				CLANG_WARN_UNREACHABLE_CODE = YES;
				CLANG_WARN__DUPLICATE_METHOD_MATCH = YES;
				COPY_PHASE_STRIP = NO;
				CURRENT_PROJECT_VERSION = 3;
				DEBUG_INFORMATION_FORMAT = "dwarf-with-dsym";
				ENABLE_NS_ASSERTIONS = NO;
				ENABLE_STRICT_OBJC_MSGSEND = YES;
				GCC_C_LANGUAGE_STANDARD = gnu11;
				GCC_NO_COMMON_BLOCKS = YES;
				GCC_WARN_64_TO_32_BIT_CONVERSION = YES;
				GCC_WARN_ABOUT_RETURN_TYPE = YES_ERROR;
				GCC_WARN_UNDECLARED_SELECTOR = YES;
				GCC_WARN_UNINITIALIZED_AUTOS = YES_AGGRESSIVE;
				GCC_WARN_UNUSED_FUNCTION = YES;
				GCC_WARN_UNUSED_VARIABLE = YES;
				GENERATE_INFOPLIST_FILE = YES;
				MACOSX_DEPLOYMENT_TARGET = 14.0;
				MARKETING_VERSION = 1.0.2;
				MTL_ENABLE_DEBUG_INFO = NO;
				MTL_FAST_MATH = YES;
				PRODUCT_BUNDLE_IDENTIFIER = "com.dashan.claude-launcher";
				PRODUCT_NAME = "$(TARGET_NAME)";
				SDKROOT = macosx;
				SWIFT_COMPILATION_MODE = wholemodule;
				SWIFT_OPTIMIZATION_LEVEL = "-O";
				SWIFT_VERSION = 5.10;
			};
			name = Release;
		};
		CEBD833899209619337F38A4 /* Release */ = {
			isa = XCBuildConfiguration;
			buildSettings = {
				ASSETCATALOG_COMPILER_APPICON_NAME = AppIcon;
				COMBINE_HIDPI_IMAGES = YES;
				INFOPLIST_KEY_NSHumanReadableCopyright = "";
				LD_RUNPATH_SEARCH_PATHS = (
					"$(inherited)",
					"@executable_path/../Frameworks",
				);
				PRODUCT_NAME = ClaudeLauncher;
				SDKROOT = macosx;
			};
			name = Release;
		};
/* End XCBuildConfiguration section */

/* Begin XCConfigurationList section */
		6AF96C901A4C97BD91DB01E9 /* Build configuration list for PBXNativeTarget "ClaudeLauncher" */ = {
			isa = XCConfigurationList;
			buildConfigurations = (
				8600C151B8B93F19519C3D9F /* Debug */,
				CEBD833899209619337F38A4 /* Release */,
			);
			defaultConfigurationIsVisible = 0;
			defaultConfigurationName = Debug;
		};
		9105214517F17640BD4465DA /* Build configuration list for PBXProject "claude-launcher" */ = {
			isa = XCConfigurationList;
			buildConfigurations = (
				8E232665BB72836EDB556851 /* Debug */,
				C16DB6CEAFB6C30399F29E96 /* Release */,
			);
			defaultConfigurationIsVisible = 0;
			defaultConfigurationName = Debug;
		};
		BFCD5CE629ED6D5A785BE95E /* Build configuration list for PBXNativeTarget "ClaudeLauncherTests" */ = {
			isa = XCConfigurationList;
			buildConfigurations = (
				2D303DB38DDD280ADA60EB44 /* Debug */,
				629560D3F385C78B82150930 /* Release */,
			);
			defaultConfigurationIsVisible = 0;
			defaultConfigurationName = Debug;
		};
/* End XCConfigurationList section */

/* Begin XCRemoteSwiftPackageReference section */
		4AB9F1780435685FE8203FD6 /* XCRemoteSwiftPackageReference "firebase-ios-sdk" */ = {
			isa = XCRemoteSwiftPackageReference;
			repositoryURL = "https://github.com/firebase/firebase-ios-sdk.git";
			requirement = {
				kind = upToNextMajorVersion;
				minimumVersion = 11.14.0;
			};
		};
/* End XCRemoteSwiftPackageReference section */

/* Begin XCSwiftPackageProductDependency section */
		57138ACA016EEAD4C6DD823E /* FirebaseAnalytics */ = {
			isa = XCSwiftPackageProductDependency;
			package = 4AB9F1780435685FE8203FD6 /* XCRemoteSwiftPackageReference "firebase-ios-sdk" */;
			productName = FirebaseAnalytics;
		};
		73B1786F5731FF094D8C8DA4 /* FirebaseCore */ = {
			isa = XCSwiftPackageProductDependency;
			package = 4AB9F1780435685FE8203FD6 /* XCRemoteSwiftPackageReference "firebase-ios-sdk" */;
			productName = FirebaseCore;
		};
/* End XCSwiftPackageProductDependency section */
	};
	rootObject = 3CE89A7CDB824D6FCC680C3C /* Project object */;
}
